
Microsoft Visual Studio Solution File, Format Version 12.00
# Visual Studio Version 16
VisualStudioVersion = 16.0.33328.57
MinimumVisualStudioVersion = 10.0.40219.1
Project("{F184B08F-C81C-45F6-A57F-5ABD9991F28F}") = "1060301", "1060301\1060301.vbproj", "{6CA06BE4-4EB2-4BB1-850A-022FD31D9E1F}"
EndProject
Global
	GlobalSection(SolutionConfigurationPlatforms) = preSolution
		Debug|Any CPU = Debug|Any CPU
		Release|Any CPU = Release|Any CPU
	EndGlobalSection
	GlobalSection(ProjectConfigurationPlatforms) = postSolution
		{6CA06BE4-4EB2-4BB1-850A-022FD31D9E1F}.Debug|Any CPU.ActiveCfg = Debug|Any CPU
		{6CA06BE4-4EB2-4BB1-850A-022FD31D9E1F}.Debug|Any CPU.Build.0 = Debug|Any CPU
		{6CA06BE4-4EB2-4BB1-850A-022FD31D9E1F}.Release|Any CPU.ActiveCfg = Release|Any CPU
		{6CA06BE4-4EB2-4BB1-850A-022FD31D9E1F}.Release|Any CPU.Build.0 = Release|Any CPU
	EndGlobalSection
	GlobalSection(SolutionProperties) = preSolution
		HideSolutionNode = FALSE
	EndGlobalSection
	GlobalSection(ExtensibilityGlobals) = postSolution
		SolutionGuid = {E76CCFDE-3B28-4181-824C-1109F7B23741}
	EndGlobalSection
EndGlobal
